
Microsoft Visual Studio Solution File, Format Version 12.00
# Visual Studio 2015
Project("{FAE04EC0-301F-11D3-BF4B-00C04F79EFBC}") = "PitchGame_beta.CSharp", "PitchGame_beta.CSharp.csproj", "{D81C6FCF-9097-5125-BC6C-37C74508DDCB}"
EndProject
Global
	GlobalSection(SolutionConfigurationPlatforms) = preSolution
		Debug|Any CPU = Debug|Any CPU
		Release|Any CPU = Release|Any CPU
	EndGlobalSection
	GlobalSection(ProjectConfigurationPlatforms) = postSolution
		{D81C6FCF-9097-5125-BC6C-37C74508DDCB}.Debug|Any CPU.ActiveCfg = Debug|Any CPU
		{D81C6FCF-9097-5125-BC6C-37C74508DDCB}.Debug|Any CPU.Build.0 = Debug|Any CPU
		{D81C6FCF-9097-5125-BC6C-37C74508DDCB}.Release|Any CPU.ActiveCfg = Release|Any CPU
		{D81C6FCF-9097-5125-BC6C-37C74508DDCB}.Release|Any CPU.Build.0 = Release|Any CPU
	EndGlobalSection
	GlobalSection(SolutionProperties) = preSolution
		HideSolutionNode = FALSE
	EndGlobalSection
EndGlobal
